
Microsoft Visual Studio Solution File, Format Version 12.00
# Visual Studio Version 17
VisualStudioVersion = 17.8.34309.116
MinimumVisualStudioVersion = 10.0.40219.1
Project("{FAE04EC0-301F-11D3-BF4B-00C04F79EFBC}") = "Leb0", "Leb0\Leb0.csproj", "{DA978108-BFDE-4E50-9030-469BAEE56416}"
EndProject
Global
	GlobalSection(SolutionConfigurationPlatforms) = preSolution
		Debug|Any CPU = Debug|Any CPU
		Release|Any CPU = Release|Any CPU
	EndGlobalSection
	GlobalSection(ProjectConfigurationPlatforms) = postSolution
		{DA978108-BFDE-4E50-9030-469BAEE56416}.Debug|Any CPU.ActiveCfg = Debug|Any CPU
		{DA978108-BFDE-4E50-9030-469BAEE56416}.Debug|Any CPU.Build.0 = Debug|Any CPU
		{DA978108-BFDE-4E50-9030-469BAEE56416}.Release|Any CPU.ActiveCfg = Release|Any CPU
		{DA978108-BFDE-4E50-9030-469BAEE56416}.Release|Any CPU.Build.0 = Release|Any CPU
	EndGlobalSection
	GlobalSection(SolutionProperties) = preSolution
		HideSolutionNode = FALSE
	EndGlobalSection
	GlobalSection(ExtensibilityGlobals) = postSolution
		SolutionGuid = {A5A89855-C2D3-4007-ACA3-7AA57CB13752}
	EndGlobalSection
EndGlobal
